
Microsoft Visual Studio Solution File, Format Version 12.00
# Visual Studio Version 16
VisualStudioVersion = 16.0.31205.134
MinimumVisualStudioVersion = 10.0.40219.1
Project("{9A19103F-16F7-4668-BE54-9A1E7A4F7556}") = "AlsoftShop", "AlsoftShop\AlsoftShop.csproj", "{1231F537-4ECB-467D-9DEE-CABF213AC6C3}"
EndProject
Project("{9A19103F-16F7-4668-BE54-9A1E7A4F7556}") = "AlsoftShop.Tests", "AlsoftShop.Tests\AlsoftShop.Tests.csproj", "{499F7C0F-9736-4693-AA88-BD2540013571}"
EndProject
Project("{00D1A9C2-B5F0-4AF3-8072-F6C62B433612}") = "AlsoftShopDatabase", "AlsoftShopDatabase\AlsoftShopDatabase.sqlproj", "{38678221-41BF-4A00-AA69-C9EB1ED86471}"
EndProject
Global
	GlobalSection(SolutionConfigurationPlatforms) = preSolution
		Debug|Any CPU = Debug|Any CPU
		Release|Any CPU = Release|Any CPU
	EndGlobalSection
	GlobalSection(ProjectConfigurationPlatforms) = postSolution
		{1231F537-4ECB-467D-9DEE-CABF213AC6C3}.Debug|Any CPU.ActiveCfg = Debug|Any CPU
		{1231F537-4ECB-467D-9DEE-CABF213AC6C3}.Debug|Any CPU.Build.0 = Debug|Any CPU
		{1231F537-4ECB-467D-9DEE-CABF213AC6C3}.Release|Any CPU.ActiveCfg = Release|Any CPU
		{1231F537-4ECB-467D-9DEE-CABF213AC6C3}.Release|Any CPU.Build.0 = Release|Any CPU
		{499F7C0F-9736-4693-AA88-BD2540013571}.Debug|Any CPU.ActiveCfg = Debug|Any CPU
		{499F7C0F-9736-4693-AA88-BD2540013571}.Debug|Any CPU.Build.0 = Debug|Any CPU
		{499F7C0F-9736-4693-AA88-BD2540013571}.Release|Any CPU.ActiveCfg = Release|Any CPU
		{499F7C0F-9736-4693-AA88-BD2540013571}.Release|Any CPU.Build.0 = Release|Any CPU
		{38678221-41BF-4A00-AA69-C9EB1ED86471}.Debug|Any CPU.ActiveCfg = Debug|Any CPU
		{38678221-41BF-4A00-AA69-C9EB1ED86471}.Debug|Any CPU.Build.0 = Debug|Any CPU
		{38678221-41BF-4A00-AA69-C9EB1ED86471}.Debug|Any CPU.Deploy.0 = Debug|Any CPU
		{38678221-41BF-4A00-AA69-C9EB1ED86471}.Release|Any CPU.ActiveCfg = Release|Any CPU
		{38678221-41BF-4A00-AA69-C9EB1ED86471}.Release|Any CPU.Build.0 = Release|Any CPU
		{38678221-41BF-4A00-AA69-C9EB1ED86471}.Release|Any CPU.Deploy.0 = Release|Any CPU
	EndGlobalSection
	GlobalSection(SolutionProperties) = preSolution
		HideSolutionNode = FALSE
	EndGlobalSection
	GlobalSection(ExtensibilityGlobals) = postSolution
		SolutionGuid = {6CEEC949-A3EE-4A37-80E9-26A18D7203DB}
	EndGlobalSection
EndGlobal
